
Microsoft Visual Studio Solution File, Format Version 12.00
# Visual Studio Version 17
VisualStudioVersion = 17.8.34309.116
MinimumVisualStudioVersion = 10.0.40219.1
Project("{9A19103F-16F7-4668-BE54-9A1E7A4F7556}") = "TennisKata", "TennisKata\TennisKata.csproj", "{DD662B63-10F7-41CC-946F-E95C522751D5}"
EndProject
Project("{FAE04EC0-301F-11D3-BF4B-00C04F79EFBC}") = "Test", "Test\Test.csproj", "{D1A001DB-3812-4A1E-92DB-EC22298378D8}"
EndProject
Global
	GlobalSection(SolutionConfigurationPlatforms) = preSolution
		Debug|Any CPU = Debug|Any CPU
		Release|Any CPU = Release|Any CPU
	EndGlobalSection
	GlobalSection(ProjectConfigurationPlatforms) = postSolution
		{DD662B63-10F7-41CC-946F-E95C522751D5}.Debug|Any CPU.ActiveCfg = Debug|Any CPU
		{DD662B63-10F7-41CC-946F-E95C522751D5}.Debug|Any CPU.Build.0 = Debug|Any CPU
		{DD662B63-10F7-41CC-946F-E95C522751D5}.Release|Any CPU.ActiveCfg = Release|Any CPU
		{DD662B63-10F7-41CC-946F-E95C522751D5}.Release|Any CPU.Build.0 = Release|Any CPU
		{D1A001DB-3812-4A1E-92DB-EC22298378D8}.Debug|Any CPU.ActiveCfg = Debug|Any CPU
		{D1A001DB-3812-4A1E-92DB-EC22298378D8}.Debug|Any CPU.Build.0 = Debug|Any CPU
		{D1A001DB-3812-4A1E-92DB-EC22298378D8}.Release|Any CPU.ActiveCfg = Release|Any CPU
		{D1A001DB-3812-4A1E-92DB-EC22298378D8}.Release|Any CPU.Build.0 = Release|Any CPU
	EndGlobalSection
	GlobalSection(SolutionProperties) = preSolution
		HideSolutionNode = FALSE
	EndGlobalSection
EndGlobal
